#MicroXplorer Configuration settings - do not modify
CORTEX_M7.ART_ACCLERATOR_ENABLE=1
CORTEX_M7.CPU_DCache=Enabled
CORTEX_M7.CPU_ICache=Enabled
CORTEX_M7.FlashInterface=TCM_Enabled
CORTEX_M7.IPParameters=ART_ACCLERATOR_ENABLE,FlashInterface,CPU_ICache,CPU_DCache
Dma.Request0=USART1_RX
Dma.RequestsNb=1
Dma.USART1_RX.0.Direction=DMA_PERIPH_TO_MEMORY
Dma.USART1_RX.0.FIFOMode=DMA_FIFOMODE_DISABLE
Dma.USART1_RX.0.Instance=DMA2_Stream2
Dma.USART1_RX.0.MemDataAlignment=DMA_MDATAALIGN_BYTE
Dma.USART1_RX.0.MemInc=DMA_MINC_ENABLE
Dma.USART1_RX.0.Mode=DMA_CIRCULAR
Dma.USART1_RX.0.PeriphDataAlignment=DMA_PDATAALIGN_BYTE
Dma.USART1_RX.0.PeriphInc=DMA_PINC_DISABLE
Dma.USART1_RX.0.Priority=DMA_PRIORITY_MEDIUM
Dma.USART1_RX.0.RequestParameters=Instance,Direction,PeriphInc,MemInc,PeriphDataAlignment,MemDataAlignment,Mode,Priority,FIFOMode
File.Version=6
I2C1.I2C_Rise_Time=300
I2C1.IPParameters=Timing,I2C_Rise_Time
I2C1.Timing=0x10E06996
I2C2.I2C_Rise_Time=300
I2C2.IPParameters=Timing,I2C_Rise_Time
I2C2.Timing=0x10E06996
IWDG.IPParameters=Prescaler
IWDG.Prescaler=IWDG_PRESCALER_32
KeepUserPlacement=true
Mcu.Family=STM32F7
Mcu.IP0=CORTEX_M7
Mcu.IP1=DMA
Mcu.IP10=TIM3
Mcu.IP11=TIM4
Mcu.IP12=TIM5
Mcu.IP13=TIM6
Mcu.IP14=TIM8
Mcu.IP15=TIM9
Mcu.IP16=TIM10
Mcu.IP17=TIM11
Mcu.IP18=TIM12
Mcu.IP19=TIM13
Mcu.IP2=I2C1
Mcu.IP20=TIM14
Mcu.IP21=UART4
Mcu.IP22=UART5
Mcu.IP23=UART7
Mcu.IP24=UART8
Mcu.IP25=USART1
Mcu.IP26=USART2
Mcu.IP27=USART3
Mcu.IP3=I2C2
Mcu.IP4=IWDG
Mcu.IP5=NVIC
Mcu.IP6=RCC
Mcu.IP7=SYS
Mcu.IP8=TIM1
Mcu.IP9=TIM2
Mcu.IPNb=28
Mcu.Name=STM32F767ZITx
Mcu.Package=LQFP144
Mcu.Pin0=PE2
Mcu.Pin1=PE3
Mcu.Pin10=PF2
Mcu.Pin11=PF3
Mcu.Pin12=PF4
Mcu.Pin13=PF5
Mcu.Pin14=PF6
Mcu.Pin15=PF7
Mcu.Pin16=PF8
Mcu.Pin17=PF9
Mcu.Pin18=PF10
Mcu.Pin19=PH0/OSC_IN
Mcu.Pin2=PE4
Mcu.Pin20=PH1/OSC_OUT
Mcu.Pin21=PC0
Mcu.Pin22=PA0/WKUP
Mcu.Pin23=PA1
Mcu.Pin24=PA4
Mcu.Pin25=PA5
Mcu.Pin26=PA6
Mcu.Pin27=PA7
Mcu.Pin28=PC4
Mcu.Pin29=PB0
Mcu.Pin3=PE5
Mcu.Pin30=PE7
Mcu.Pin31=PE8
Mcu.Pin32=PE9
Mcu.Pin33=PE11
Mcu.Pin34=PB10
Mcu.Pin35=PB11
Mcu.Pin36=PB12
Mcu.Pin37=PB13
Mcu.Pin38=PB14
Mcu.Pin39=PB15
Mcu.Pin4=PE6
Mcu.Pin40=PD8
Mcu.Pin41=PD9
Mcu.Pin42=PD12
Mcu.Pin43=PD13
Mcu.Pin44=PG2
Mcu.Pin45=PC6
Mcu.Pin46=PC7
Mcu.Pin47=PC8
Mcu.Pin48=PC9
Mcu.Pin49=PA8
Mcu.Pin5=PC13
Mcu.Pin50=PA9
Mcu.Pin51=PA10
Mcu.Pin52=PA11
Mcu.Pin53=PA12
Mcu.Pin54=PA13
Mcu.Pin55=PA14
Mcu.Pin56=PA15
Mcu.Pin57=PC10
Mcu.Pin58=PC11
Mcu.Pin59=PC12
Mcu.Pin6=PC14/OSC32_IN
Mcu.Pin60=PD0
Mcu.Pin61=PD1
Mcu.Pin62=PD2
Mcu.Pin63=PD3
Mcu.Pin64=PD4
Mcu.Pin65=PD5
Mcu.Pin66=PD6
Mcu.Pin67=PD7
Mcu.Pin68=PG9
Mcu.Pin69=PG10
Mcu.Pin7=PC15/OSC32_OUT
Mcu.Pin70=PG11
Mcu.Pin71=PG12
Mcu.Pin72=PG13
Mcu.Pin73=PG14
Mcu.Pin74=PG15
Mcu.Pin75=PB3
Mcu.Pin76=PB6
Mcu.Pin77=PB7
Mcu.Pin78=PB9
Mcu.Pin79=PE0
Mcu.Pin8=PF0
Mcu.Pin80=PE1
Mcu.Pin81=VP_IWDG_VS_IWDG
Mcu.Pin82=VP_SYS_VS_Systick
Mcu.Pin83=VP_TIM6_VS_ClockSourceINT
Mcu.Pin84=VP_TIM10_VS_ClockSourceINT
Mcu.Pin85=VP_TIM11_VS_ClockSourceINT
Mcu.Pin86=VP_TIM13_VS_ClockSourceINT
Mcu.Pin87=VP_TIM14_VS_ClockSourceINT
Mcu.Pin9=PF1
Mcu.PinsNb=88
Mcu.UserConstants=
Mcu.UserName=STM32F767ZITx
MxCube.Version=4.23.0
MxDb.Version=DB.4.0.230
NVIC.BusFault_IRQn=true\:0\:0\:false\:false\:true\:true
NVIC.DMA2_Stream2_IRQn=true\:1\:0\:true\:false\:true\:true
NVIC.DebugMonitor_IRQn=true\:0\:0\:false\:false\:true\:true
NVIC.HardFault_IRQn=true\:0\:0\:false\:false\:true\:true
NVIC.MemoryManagement_IRQn=true\:0\:0\:false\:false\:true\:true
NVIC.NonMaskableInt_IRQn=true\:0\:0\:false\:false\:true\:true
NVIC.PendSV_IRQn=true\:0\:0\:false\:false\:true\:true
NVIC.PriorityGroup=NVIC_PRIORITYGROUP_4
NVIC.SVCall_IRQn=true\:0\:0\:false\:false\:true\:true
NVIC.SysTick_IRQn=true\:0\:0\:false\:false\:true\:true
NVIC.TIM6_DAC_IRQn=true\:3\:0\:true\:false\:true\:true
NVIC.USART1_IRQn=true\:2\:0\:true\:false\:true\:true
NVIC.UsageFault_IRQn=true\:0\:0\:false\:false\:true\:true
PA0/WKUP.Signal=S_TIM5_CH1
PA1.Signal=S_TIM5_CH2
PA10.Mode=Asynchronous
PA10.Signal=USART1_RX
PA11.Mode=Asynchronous
PA11.Signal=UART4_RX
PA12.Mode=Asynchronous
PA12.Signal=UART4_TX
PA13.Mode=Serial_Wire
PA13.Signal=SYS_JTMS-SWDIO
PA14.Mode=Serial_Wire
PA14.Signal=SYS_JTCK-SWCLK
PA15.Locked=true
PA15.Signal=GPIO_Output
PA4.Locked=true
PA4.Signal=GPIO_Input
PA5.Signal=S_TIM2_CH1_ETR
PA6.Signal=S_TIM3_CH1
PA7.Signal=S_TIM3_CH2
PA8.Locked=true
PA8.Signal=GPIO_Output
PA9.Mode=Asynchronous
PA9.Signal=USART1_TX
PB0.GPIOParameters=GPIO_Label
PB0.GPIO_Label=USER_LED
PB0.Locked=true
PB0.Signal=GPIO_Output
PB10.Signal=S_TIM2_CH3
PB11.Signal=S_TIM2_CH4
PB12.Mode=Asynchronous
PB12.Signal=UART5_RX
PB13.Mode=Asynchronous
PB13.Signal=UART5_TX
PB14.Signal=S_TIM12_CH1
PB15.Signal=S_TIM12_CH2
PB3.Signal=S_TIM2_CH2
PB6.Mode=I2C
PB6.Signal=I2C1_SCL
PB7.Mode=I2C
PB7.Signal=I2C1_SDA
PB9.Locked=true
PB9.Signal=GPIO_Output
PC0.Locked=true
PC0.Signal=GPIO_Input
PC10.Locked=true
PC10.Signal=GPIO_Output
PC11.Locked=true
PC11.Signal=GPIO_Output
PC12.Locked=true
PC12.Signal=GPIO_Output
PC13.Locked=true
PC13.Signal=GPIO_Input
PC14/OSC32_IN.Locked=true
PC14/OSC32_IN.Signal=GPIO_Input
PC15/OSC32_OUT.Locked=true
PC15/OSC32_OUT.Signal=GPIO_Input
PC4.Locked=true
PC4.Signal=GPIO_Input
PC6.Signal=S_TIM8_CH1
PC7.Signal=S_TIM8_CH2
PC8.Signal=S_TIM8_CH3
PC9.Signal=S_TIM8_CH4
PCC.Checker=false
PCC.Line=STM32F7x7
PCC.MCU=STM32F767ZITx
PCC.PartNumber=STM32F767ZITx
PCC.Seq0=0
PCC.Series=STM32F7
PCC.Temperature=25
PCC.Vdd=3.3
PD0.Locked=true
PD0.Signal=GPIO_Output
PD1.Locked=true
PD1.Signal=GPIO_Output
PD12.Signal=S_TIM4_CH1
PD13.Signal=S_TIM4_CH2
PD2.Locked=true
PD2.Signal=GPIO_Input
PD3.Locked=true
PD3.Signal=GPIO_Input
PD4.Locked=true
PD4.Signal=GPIO_Input
PD5.Mode=Asynchronous
PD5.Signal=USART2_TX
PD6.Mode=Asynchronous
PD6.Signal=USART2_RX
PD7.Locked=true
PD7.Signal=GPIO_Input
PD8.Mode=Asynchronous
PD8.Signal=USART3_TX
PD9.Mode=Asynchronous
PD9.Signal=USART3_RX
PE0.Mode=Asynchronous
PE0.Signal=UART8_RX
PE1.Mode=Asynchronous
PE1.Signal=UART8_TX
PE11.Signal=S_TIM1_CH2
PE2.Locked=true
PE2.Signal=GPIO_Input
PE3.Locked=true
PE3.Signal=GPIO_Input
PE4.Locked=true
PE4.Signal=GPIO_Input
PE5.Signal=S_TIM9_CH1
PE6.Signal=S_TIM9_CH2
PE7.Mode=Asynchronous
PE7.Signal=UART7_RX
PE8.Mode=Asynchronous
PE8.Signal=UART7_TX
PE9.Signal=S_TIM1_CH1
PF0.Mode=I2C
PF0.Signal=I2C2_SDA
PF1.Mode=I2C
PF1.Signal=I2C2_SCL
PF10.Locked=true
PF10.Signal=GPIO_Input
PF2.Locked=true
PF2.Signal=GPIO_Input
PF3.Locked=true
PF3.Signal=GPIO_Input
PF4.Locked=true
PF4.Signal=GPIO_Input
PF5.Locked=true
PF5.Signal=GPIO_Input
PF6.Signal=S_TIM10_CH1
PF7.Signal=S_TIM11_CH1
PF8.Signal=S_TIM13_CH1
PF9.Signal=S_TIM14_CH1
PG10.Locked=true
PG10.Signal=GPIO_Input
PG11.Locked=true
PG11.Signal=GPIO_Input
PG12.Locked=true
PG12.Signal=GPIO_Input
PG13.Locked=true
PG13.Signal=GPIO_Input
PG14.Locked=true
PG14.Signal=GPIO_Input
PG15.Locked=true
PG15.Signal=GPIO_Output
PG2.Locked=true
PG2.Signal=GPIO_Output
PG9.Locked=true
PG9.Signal=GPIO_Input
PH0/OSC_IN.Mode=HSE-External-Oscillator
PH0/OSC_IN.Signal=RCC_OSC_IN
PH1/OSC_OUT.Mode=HSE-External-Oscillator
PH1/OSC_OUT.Signal=RCC_OSC_OUT
PinOutPanel.RotationAngle=0
ProjectManager.AskForMigrate=true
ProjectManager.BackupPrevious=false
ProjectManager.CompilerOptimize=2
ProjectManager.ComputerToolchain=false
ProjectManager.CoupleFile=true
ProjectManager.CustomerFirmwarePackage=
ProjectManager.DefaultFWLocation=true
ProjectManager.DeletePrevious=true
ProjectManager.DeviceId=STM32F767ZITx
ProjectManager.FirmwarePackage=STM32Cube FW_F7 V1.8.0
ProjectManager.FreePins=false
ProjectManager.HalAssertFull=false
ProjectManager.HeapSize=0x400
ProjectManager.KeepUserCode=true
ProjectManager.LastFirmware=true
ProjectManager.LibraryCopy=1
ProjectManager.PreviousToolchain=TrueSTUDIO
ProjectManager.ProjectBuild=false
ProjectManager.ProjectFileName=F767_Hermit_main.ioc
ProjectManager.ProjectName=F767_Hermit_main
ProjectManager.StackSize=0x800
ProjectManager.TargetToolchain=TrueSTUDIO
ProjectManager.ToolChainLocation=
ProjectManager.UnderRoot=true
ProjectManager.functionlistsort=1-MX_GPIO_Init-GPIO-false-HAL,2-MX_DMA_Init-DMA-false-HAL,3-SystemClock_Config-RCC-false-HAL,4-MX_TIM1_Init-TIM1-false-HAL,5-MX_UART5_Init-UART5-false-HAL,6-MX_I2C1_Init-I2C1-false-HAL,7-MX_I2C2_Init-I2C2-false-HAL,8-MX_TIM10_Init-TIM10-false-HAL,9-MX_TIM11_Init-TIM11-false-HAL,10-MX_TIM13_Init-TIM13-false-HAL,11-MX_TIM14_Init-TIM14-false-HAL,12-MX_USART2_UART_Init-USART2-false-HAL,13-MX_USART1_UART_Init-USART1-false-HAL,14-MX_TIM3_Init-TIM3-false-HAL,15-MX_TIM8_Init-TIM8-false-HAL,16-MX_TIM2_Init-TIM2-false-HAL,17-MX_TIM6_Init-TIM6-false-HAL,18-MX_TIM12_Init-TIM12-false-HAL,19-MX_CORTEX_M7_Init-CORTEX_M7-false-HAL,20-MX_TIM9_Init-TIM9-false-HAL,21-MX_UART7_Init-UART7-false-HAL,22-MX_TIM4_Init-TIM4-false-HAL,23-MX_TIM5_Init-TIM5-false-HAL,24-MX_USART3_UART_Init-USART3-false-HAL,25-MX_UART4_Init-UART4-false-HAL,26-MX_IWDG_Init-IWDG-false-HAL,27-MX_UART8_Init-UART8-false-HAL
RCC.AHBFreq_Value=216000000
RCC.APB1CLKDivider=RCC_HCLK_DIV4
RCC.APB1Freq_Value=54000000
RCC.APB1TimFreq_Value=108000000
RCC.APB2CLKDivider=RCC_HCLK_DIV2
RCC.APB2Freq_Value=108000000
RCC.APB2TimFreq_Value=216000000
RCC.CECFreq_Value=32786.88524590164
RCC.CortexFreq_Value=216000000
RCC.DFSDMAudioFreq_Value=192000000
RCC.DFSDMFreq_Value=108000000
RCC.EthernetFreq_Value=216000000
RCC.FCLKCortexFreq_Value=216000000
RCC.FamilyName=M
RCC.HCLKFreq_Value=216000000
RCC.HSE_VALUE=8000000
RCC.HSI_VALUE=16000000
RCC.I2C1Freq_Value=54000000
RCC.I2C2Freq_Value=54000000
RCC.I2C3Freq_Value=54000000
RCC.I2C4Freq_Value=54000000
RCC.I2SFreq_Value=192000000
RCC.IPParameters=AHBFreq_Value,APB1CLKDivider,APB1Freq_Value,APB1TimFreq_Value,APB2CLKDivider,APB2Freq_Value,APB2TimFreq_Value,CECFreq_Value,CortexFreq_Value,DFSDMAudioFreq_Value,DFSDMFreq_Value,EthernetFreq_Value,FCLKCortexFreq_Value,FamilyName,HCLKFreq_Value,HSE_VALUE,HSI_VALUE,I2C1Freq_Value,I2C2Freq_Value,I2C3Freq_Value,I2C4Freq_Value,I2SFreq_Value,LCDTFTFreq_Value,LPTIM1Freq_Value,LSE_VALUE,LSI_VALUE,MCO2PinFreq_Value,PLLCLKFreq_Value,PLLI2SPCLKFreq_Value,PLLI2SQCLKFreq_Value,PLLI2SRCLKFreq_Value,PLLI2SRoutputFreq_Value,PLLM,PLLN,PLLQCLKFreq_Value,PLLQoutputFreq_Value,PLLRFreq_Value,PLLSAIPCLKFreq_Value,PLLSAIQCLKFreq_Value,PLLSAIRCLKFreq_Value,PLLSAIoutputFreq_Value,PLLSourceVirtual,RNGFreq_Value,SAI1Freq_Value,SAI2Freq_Value,SDMMC2Freq_Value,SDMMCFreq_Value,SPDIFRXFreq_Value,SYSCLKFreq_VALUE,SYSCLKSource,UART4Freq_Value,UART5Freq_Value,UART7Freq_Value,UART8Freq_Value,USART1Freq_Value,USART2Freq_Value,USART3Freq_Value,USART6Freq_Value,USBFreq_Value,VCOI2SOutputFreq_Value,VCOInputFreq_Value,VCOOutputFreq_Value,VCOSAIOutputFreq_Value
RCC.LCDTFTFreq_Value=96000000
RCC.LPTIM1Freq_Value=54000000
RCC.LSE_VALUE=32768
RCC.LSI_VALUE=32000
RCC.MCO2PinFreq_Value=216000000
RCC.PLLCLKFreq_Value=216000000
RCC.PLLI2SPCLKFreq_Value=192000000
RCC.PLLI2SQCLKFreq_Value=192000000
RCC.PLLI2SRCLKFreq_Value=192000000
RCC.PLLI2SRoutputFreq_Value=192000000
RCC.PLLM=4
RCC.PLLN=216
RCC.PLLQCLKFreq_Value=216000000
RCC.PLLQoutputFreq_Value=216000000
RCC.PLLRFreq_Value=216000000
RCC.PLLSAIPCLKFreq_Value=192000000
RCC.PLLSAIQCLKFreq_Value=192000000
RCC.PLLSAIRCLKFreq_Value=192000000
RCC.PLLSAIoutputFreq_Value=192000000
RCC.PLLSourceVirtual=RCC_PLLSOURCE_HSE
RCC.RNGFreq_Value=216000000
RCC.SAI1Freq_Value=192000000
RCC.SAI2Freq_Value=192000000
RCC.SDMMC2Freq_Value=216000000
RCC.SDMMCFreq_Value=216000000
RCC.SPDIFRXFreq_Value=192000000
RCC.SYSCLKFreq_VALUE=216000000
RCC.SYSCLKSource=RCC_SYSCLKSOURCE_PLLCLK
RCC.UART4Freq_Value=54000000
RCC.UART5Freq_Value=54000000
RCC.UART7Freq_Value=54000000
RCC.UART8Freq_Value=54000000
RCC.USART1Freq_Value=108000000
RCC.USART2Freq_Value=54000000
RCC.USART3Freq_Value=54000000
RCC.USART6Freq_Value=108000000
RCC.USBFreq_Value=216000000
RCC.VCOI2SOutputFreq_Value=384000000
RCC.VCOInputFreq_Value=2000000
RCC.VCOOutputFreq_Value=432000000
RCC.VCOSAIOutputFreq_Value=384000000
SH.S_TIM10_CH1.0=TIM10_CH1,PWM Generation1 CH1
SH.S_TIM10_CH1.ConfNb=1
SH.S_TIM11_CH1.0=TIM11_CH1,PWM Generation1 CH1
SH.S_TIM11_CH1.ConfNb=1
SH.S_TIM12_CH1.0=TIM12_CH1,PWM Generation1 CH1
SH.S_TIM12_CH1.ConfNb=1
SH.S_TIM12_CH2.0=TIM12_CH2,PWM Generation2 CH2
SH.S_TIM12_CH2.ConfNb=1
SH.S_TIM13_CH1.0=TIM13_CH1,PWM Generation1 CH1
SH.S_TIM13_CH1.ConfNb=1
SH.S_TIM14_CH1.0=TIM14_CH1,PWM Generation1 CH1
SH.S_TIM14_CH1.ConfNb=1
SH.S_TIM1_CH1.0=TIM1_CH1,Encoder_Interface
SH.S_TIM1_CH1.ConfNb=1
SH.S_TIM1_CH2.0=TIM1_CH2,Encoder_Interface
SH.S_TIM1_CH2.ConfNb=1
SH.S_TIM2_CH1_ETR.0=TIM2_CH1,PWM Generation1 CH1
SH.S_TIM2_CH1_ETR.ConfNb=1
SH.S_TIM2_CH2.0=TIM2_CH2,PWM Generation2 CH2
SH.S_TIM2_CH2.ConfNb=1
SH.S_TIM2_CH3.0=TIM2_CH3,PWM Generation3 CH3
SH.S_TIM2_CH3.ConfNb=1
SH.S_TIM2_CH4.0=TIM2_CH4,PWM Generation4 CH4
SH.S_TIM2_CH4.ConfNb=1
SH.S_TIM3_CH1.0=TIM3_CH1,Encoder_Interface
SH.S_TIM3_CH1.ConfNb=1
SH.S_TIM3_CH2.0=TIM3_CH2,Encoder_Interface
SH.S_TIM3_CH2.ConfNb=1
SH.S_TIM4_CH1.0=TIM4_CH1,Encoder_Interface
SH.S_TIM4_CH1.ConfNb=1
SH.S_TIM4_CH2.0=TIM4_CH2,Encoder_Interface
SH.S_TIM4_CH2.ConfNb=1
SH.S_TIM5_CH1.0=TIM5_CH1,Encoder_Interface
SH.S_TIM5_CH1.ConfNb=1
SH.S_TIM5_CH2.0=TIM5_CH2,Encoder_Interface
SH.S_TIM5_CH2.ConfNb=1
SH.S_TIM8_CH1.0=TIM8_CH1,PWM Generation1 CH1
SH.S_TIM8_CH1.ConfNb=1
SH.S_TIM8_CH2.0=TIM8_CH2,PWM Generation2 CH2
SH.S_TIM8_CH2.ConfNb=1
SH.S_TIM8_CH3.0=TIM8_CH3,PWM Generation3 CH3
SH.S_TIM8_CH3.ConfNb=1
SH.S_TIM8_CH4.0=TIM8_CH4,PWM Generation4 CH4
SH.S_TIM8_CH4.ConfNb=1
SH.S_TIM9_CH1.0=TIM9_CH1,PWM Generation1 CH1
SH.S_TIM9_CH1.ConfNb=1
SH.S_TIM9_CH2.0=TIM9_CH2,PWM Generation2 CH2
SH.S_TIM9_CH2.ConfNb=1
TIM1.IC1Filter=2
TIM1.IC1Polarity=TIM_ICPOLARITY_FALLING
TIM1.IC2Filter=2
TIM1.IC2Polarity=TIM_ICPOLARITY_FALLING
TIM1.IPParameters=Prescaler,Period,IC1Filter,IC2Filter,IC2Polarity,IC1Polarity
TIM1.Period=60000
TIM1.Prescaler=1300
TIM10.Channel=TIM_CHANNEL_1
TIM10.IPParameters=Channel,Prescaler,Period
TIM10.Period=9999
TIM10.Prescaler=432
TIM11.Channel=TIM_CHANNEL_1
TIM11.IPParameters=Channel,Prescaler,Period
TIM11.Period=9999
TIM11.Prescaler=432
TIM12.Channel-PWM\ Generation1\ CH1=TIM_CHANNEL_1
TIM12.Channel-PWM\ Generation2\ CH2=TIM_CHANNEL_2
TIM12.IPParameters=Channel-PWM Generation1 CH1,Channel-PWM Generation2 CH2,Prescaler,Period
TIM12.Period=9999
TIM12.Prescaler=216
TIM13.Channel=TIM_CHANNEL_1
TIM13.IPParameters=Channel,Prescaler,Period
TIM13.Period=9999
TIM13.Prescaler=216
TIM14.Channel=TIM_CHANNEL_1
TIM14.IPParameters=Channel,Prescaler,Period
TIM14.Period=9999
TIM14.Prescaler=216
TIM2.Channel-PWM\ Generation1\ CH1=TIM_CHANNEL_1
TIM2.Channel-PWM\ Generation2\ CH2=TIM_CHANNEL_2
TIM2.Channel-PWM\ Generation3\ CH3=TIM_CHANNEL_3
TIM2.Channel-PWM\ Generation4\ CH4=TIM_CHANNEL_4
TIM2.IPParameters=Channel-PWM Generation1 CH1,Channel-PWM Generation3 CH3,Channel-PWM Generation4 CH4,Prescaler,Period,Channel-PWM Generation2 CH2
TIM2.Period=999
TIM2.Prescaler=5
TIM3.IC1Filter=2
TIM3.IC1Polarity=TIM_ICPOLARITY_FALLING
TIM3.IC2Filter=2
TIM3.IC2Polarity=TIM_ICPOLARITY_FALLING
TIM3.IPParameters=Prescaler,Period,IC1Filter,IC2Filter,IC2Polarity,IC1Polarity
TIM3.Period=60000
TIM3.Prescaler=1300
TIM4.IPParameters=Prescaler,Period
TIM4.Period=60000
TIM4.Prescaler=1300
TIM5.IPParameters=Prescaler,Period
TIM5.Period=60000
TIM5.Prescaler=1500
TIM6.IPParameters=Prescaler,Period
TIM6.Period=50000-1
TIM6.Prescaler=432
TIM8.Channel-PWM\ Generation1\ CH1=TIM_CHANNEL_1
TIM8.Channel-PWM\ Generation2\ CH2=TIM_CHANNEL_2
TIM8.Channel-PWM\ Generation3\ CH3=TIM_CHANNEL_3
TIM8.Channel-PWM\ Generation4\ CH4=TIM_CHANNEL_4
TIM8.IPParameters=Channel-PWM Generation2 CH2,Channel-PWM Generation3 CH3,Channel-PWM Generation4 CH4,Prescaler,Period,Channel-PWM Generation1 CH1
TIM8.Period=999
TIM8.Prescaler=10
TIM9.Channel-PWM\ Generation1\ CH1=TIM_CHANNEL_1
TIM9.Channel-PWM\ Generation2\ CH2=TIM_CHANNEL_2
TIM9.IPParameters=Channel-PWM Generation1 CH1,Channel-PWM Generation2 CH2,Prescaler,Period
TIM9.Period=9999
TIM9.Prescaler=432
UART4.IPParameters=WordLength,Parity
UART4.Parity=PARITY_EVEN
UART4.WordLength=WORDLENGTH_9B
UART5.IPParameters=WordLength,Parity
UART5.Parity=PARITY_EVEN
UART5.WordLength=WORDLENGTH_9B
UART7.BaudRate=9600
UART7.IPParameters=BaudRate,WordLength
UART7.WordLength=WORDLENGTH_8B
UART8.IPParameters=WordLength
UART8.WordLength=WORDLENGTH_8B
USART1.IPParameters=VirtualMode-Asynchronous,WordLength
USART1.VirtualMode-Asynchronous=VM_ASYNC
USART1.WordLength=WORDLENGTH_8B
USART2.BaudRate=115200
USART2.IPParameters=VirtualMode-Asynchronous,BaudRate,WordLength
USART2.VirtualMode-Asynchronous=VM_ASYNC
USART2.WordLength=WORDLENGTH_8B
USART3.BaudRate=115200
USART3.IPParameters=VirtualMode-Asynchronous,WordLength,BaudRate
USART3.VirtualMode-Asynchronous=VM_ASYNC
USART3.WordLength=WORDLENGTH_8B
VP_IWDG_VS_IWDG.Mode=IWDG_Activate
VP_IWDG_VS_IWDG.Signal=IWDG_VS_IWDG
VP_SYS_VS_Systick.Mode=SysTick
VP_SYS_VS_Systick.Signal=SYS_VS_Systick
VP_TIM10_VS_ClockSourceINT.Mode=Enable_Timer
VP_TIM10_VS_ClockSourceINT.Signal=TIM10_VS_ClockSourceINT
VP_TIM11_VS_ClockSourceINT.Mode=Enable_Timer
VP_TIM11_VS_ClockSourceINT.Signal=TIM11_VS_ClockSourceINT
VP_TIM13_VS_ClockSourceINT.Mode=Enable_Timer
VP_TIM13_VS_ClockSourceINT.Signal=TIM13_VS_ClockSourceINT
VP_TIM14_VS_ClockSourceINT.Mode=Enable_Timer
VP_TIM14_VS_ClockSourceINT.Signal=TIM14_VS_ClockSourceINT
VP_TIM6_VS_ClockSourceINT.Mode=Enable_Timer
VP_TIM6_VS_ClockSourceINT.Signal=TIM6_VS_ClockSourceINT
board=F767_Hermit_main
